
Microsoft Visual Studio Solution File, Format Version 12.00
# Visual Studio 15
VisualStudioVersion = 15.0.28010.2046
MinimumVisualStudioVersion = 10.0.40219.1
Project("{9A19103F-16F7-4668-BE54-9A1E7A4F7556}") = "DotNetCore.Models", "DotNetCore.Models\DotNetCore.Models.csproj", "{25C69493-76D8-4A42-A1BD-45402D9BB110}"
EndProject
Project("{FAE04EC0-301F-11D3-BF4B-00C04F79EFBC}") = "DotNetCore.Web", "DotNetCore.Web\DotNetCore.Web.csproj", "{1C81711B-CC00-4DD8-945B-83DF481B44AF}"
EndProject
Global
	GlobalSection(SolutionConfigurationPlatforms) = preSolution
		Debug|Any CPU = Debug|Any CPU
		Release|Any CPU = Release|Any CPU
	EndGlobalSection
	GlobalSection(ProjectConfigurationPlatforms) = postSolution
		{25C69493-76D8-4A42-A1BD-45402D9BB110}.Debug|Any CPU.ActiveCfg = Debug|Any CPU
		{25C69493-76D8-4A42-A1BD-45402D9BB110}.Debug|Any CPU.Build.0 = Debug|Any CPU
		{25C69493-76D8-4A42-A1BD-45402D9BB110}.Release|Any CPU.ActiveCfg = Release|Any CPU
		{25C69493-76D8-4A42-A1BD-45402D9BB110}.Release|Any CPU.Build.0 = Release|Any CPU
		{1C81711B-CC00-4DD8-945B-83DF481B44AF}.Debug|Any CPU.ActiveCfg = Debug|Any CPU
		{1C81711B-CC00-4DD8-945B-83DF481B44AF}.Debug|Any CPU.Build.0 = Debug|Any CPU
		{1C81711B-CC00-4DD8-945B-83DF481B44AF}.Release|Any CPU.ActiveCfg = Release|Any CPU
		{1C81711B-CC00-4DD8-945B-83DF481B44AF}.Release|Any CPU.Build.0 = Release|Any CPU
	EndGlobalSection
	GlobalSection(SolutionProperties) = preSolution
		HideSolutionNode = FALSE
	EndGlobalSection
	GlobalSection(ExtensibilityGlobals) = postSolution
		SolutionGuid = {3F3D1B8F-BFBD-4FC8-82B1-81EDC38F88AB}
	EndGlobalSection
EndGlobal
